
Microsoft Visual Studio Solution File, Format Version 12.00
# Visual Studio Version 16
VisualStudioVersion = 16.0.29001.49
MinimumVisualStudioVersion = 10.0.40219.1
Project("{9A19103F-16F7-4668-BE54-9A1E7A4F7556}") = "DatingApp.API", "DatingApp.API\DatingApp.API.csproj", "{454B7177-0711-43E0-A8D0-D3A8215E53CD}"
EndProject
Global
	GlobalSection(SolutionConfigurationPlatforms) = preSolution
		Debug|Any CPU = Debug|Any CPU
		Release|Any CPU = Release|Any CPU
	EndGlobalSection
	GlobalSection(ProjectConfigurationPlatforms) = postSolution
		{454B7177-0711-43E0-A8D0-D3A8215E53CD}.Debug|Any CPU.ActiveCfg = Debug|Any CPU
		{454B7177-0711-43E0-A8D0-D3A8215E53CD}.Debug|Any CPU.Build.0 = Debug|Any CPU
		{454B7177-0711-43E0-A8D0-D3A8215E53CD}.Release|Any CPU.ActiveCfg = Release|Any CPU
		{454B7177-0711-43E0-A8D0-D3A8215E53CD}.Release|Any CPU.Build.0 = Release|Any CPU
	EndGlobalSection
	GlobalSection(SolutionProperties) = preSolution
		HideSolutionNode = FALSE
	EndGlobalSection
	GlobalSection(ExtensibilityGlobals) = postSolution
		SolutionGuid = {AE92F27B-E787-48BC-9FDC-5F3863B7810D}
	EndGlobalSection
EndGlobal
